
Microsoft Visual Studio Solution File, Format Version 12.00
# Visual Studio Version 16
VisualStudioVersion = 16.0.30114.105
MinimumVisualStudioVersion = 10.0.40219.1
Project("{FAE04EC0-301F-11D3-BF4B-00C04F79EFBC}") = "SmartBudget.WPF", "src\SmartBudget.WPF\SmartBudget.WPF.csproj", "{F17F08B9-50C3-4B58-A8E2-D86587E4BD17}"
EndProject
Global
	GlobalSection(SolutionConfigurationPlatforms) = preSolution
		Debug|Any CPU = Debug|Any CPU
		Release|Any CPU = Release|Any CPU
	EndGlobalSection
	GlobalSection(ProjectConfigurationPlatforms) = postSolution
		{F17F08B9-50C3-4B58-A8E2-D86587E4BD17}.Debug|Any CPU.ActiveCfg = Debug|Any CPU
		{F17F08B9-50C3-4B58-A8E2-D86587E4BD17}.Debug|Any CPU.Build.0 = Debug|Any CPU
		{F17F08B9-50C3-4B58-A8E2-D86587E4BD17}.Release|Any CPU.ActiveCfg = Release|Any CPU
		{F17F08B9-50C3-4B58-A8E2-D86587E4BD17}.Release|Any CPU.Build.0 = Release|Any CPU
	EndGlobalSection
	GlobalSection(SolutionProperties) = preSolution
		HideSolutionNode = FALSE
	EndGlobalSection
	GlobalSection(ExtensibilityGlobals) = postSolution
		SolutionGuid = {D4408415-E720-4C6C-A902-EBFE154F0D0F}
	EndGlobalSection
EndGlobal
