
Microsoft Visual Studio Solution File, Format Version 12.00
# Visual Studio Version 16
VisualStudioVersion = 16.0.30114.105
MinimumVisualStudioVersion = 10.0.40219.1
Project("{9A19103F-16F7-4668-BE54-9A1E7A4F7556}") = "SmartBudget.WPF", "SmartBudget.WPF\SmartBudget.WPF.csproj", "{F17F08B9-50C3-4B58-A8E2-D86587E4BD17}"
EndProject
Project("{2150E333-8FDC-42A3-9474-1A3956D46DE8}") = "Modules", "Modules", "{488C45E6-CD8B-408A-86B3-26F0298B4758}"
EndProject
Project("{9A19103F-16F7-4668-BE54-9A1E7A4F7556}") = "SmartBudget.Main", "SmartBudget.Main\SmartBudget.Main.csproj", "{8F8B7660-6628-4182-A8BB-17AEB69E1D1C}"
EndProject
Project("{9A19103F-16F7-4668-BE54-9A1E7A4F7556}") = "SmartBudget.Accounts", "SmartBudget.Accounts\SmartBudget.Accounts.csproj", "{10EC2EA4-DCDE-4BE5-8141-3EFAFD6FE832}"
EndProject
Project("{9A19103F-16F7-4668-BE54-9A1E7A4F7556}") = "SmartBudget.Domain", "SmartBudget.Domain\SmartBudget.Domain.csproj", "{37DC3AF8-2EA3-4374-956D-9A8BE0C95B25}"
EndProject
Project("{2150E333-8FDC-42A3-9474-1A3956D46DE8}") = "Tests", "Tests", "{B54B61C1-F4C6-443E-AB37-D3579187CCA9}"
EndProject
Project("{FAE04EC0-301F-11D3-BF4B-00C04F79EFBC}") = "SmartBudget.Domain.Tests", "SmartBudget.Domain.Tests\SmartBudget.Domain.Tests.csproj", "{DB93BF2D-D0BD-4C12-BA0F-0CB22CE12616}"
EndProject
Project("{FAE04EC0-301F-11D3-BF4B-00C04F79EFBC}") = "SmartBudget.EntityFramework", "SmartBudget.EntityFramework\SmartBudget.EntityFramework.csproj", "{292F11E3-5B25-4367-953C-2D4BB7FF0ADB}"
EndProject
Global
	GlobalSection(SolutionConfigurationPlatforms) = preSolution
		Debug|Any CPU = Debug|Any CPU
		Release|Any CPU = Release|Any CPU
	EndGlobalSection
	GlobalSection(ProjectConfigurationPlatforms) = postSolution
		{F17F08B9-50C3-4B58-A8E2-D86587E4BD17}.Debug|Any CPU.ActiveCfg = Debug|Any CPU
		{F17F08B9-50C3-4B58-A8E2-D86587E4BD17}.Debug|Any CPU.Build.0 = Debug|Any CPU
		{F17F08B9-50C3-4B58-A8E2-D86587E4BD17}.Release|Any CPU.ActiveCfg = Release|Any CPU
		{F17F08B9-50C3-4B58-A8E2-D86587E4BD17}.Release|Any CPU.Build.0 = Release|Any CPU
		{8F8B7660-6628-4182-A8BB-17AEB69E1D1C}.Debug|Any CPU.ActiveCfg = Debug|Any CPU
		{8F8B7660-6628-4182-A8BB-17AEB69E1D1C}.Debug|Any CPU.Build.0 = Debug|Any CPU
		{8F8B7660-6628-4182-A8BB-17AEB69E1D1C}.Release|Any CPU.ActiveCfg = Release|Any CPU
		{8F8B7660-6628-4182-A8BB-17AEB69E1D1C}.Release|Any CPU.Build.0 = Release|Any CPU
		{10EC2EA4-DCDE-4BE5-8141-3EFAFD6FE832}.Debug|Any CPU.ActiveCfg = Debug|Any CPU
		{10EC2EA4-DCDE-4BE5-8141-3EFAFD6FE832}.Debug|Any CPU.Build.0 = Debug|Any CPU
		{10EC2EA4-DCDE-4BE5-8141-3EFAFD6FE832}.Release|Any CPU.ActiveCfg = Release|Any CPU
		{10EC2EA4-DCDE-4BE5-8141-3EFAFD6FE832}.Release|Any CPU.Build.0 = Release|Any CPU
		{37DC3AF8-2EA3-4374-956D-9A8BE0C95B25}.Debug|Any CPU.ActiveCfg = Debug|Any CPU
		{37DC3AF8-2EA3-4374-956D-9A8BE0C95B25}.Debug|Any CPU.Build.0 = Debug|Any CPU
		{37DC3AF8-2EA3-4374-956D-9A8BE0C95B25}.Release|Any CPU.ActiveCfg = Release|Any CPU
		{37DC3AF8-2EA3-4374-956D-9A8BE0C95B25}.Release|Any CPU.Build.0 = Release|Any CPU
		{DB93BF2D-D0BD-4C12-BA0F-0CB22CE12616}.Debug|Any CPU.ActiveCfg = Debug|Any CPU
		{DB93BF2D-D0BD-4C12-BA0F-0CB22CE12616}.Debug|Any CPU.Build.0 = Debug|Any CPU
		{DB93BF2D-D0BD-4C12-BA0F-0CB22CE12616}.Release|Any CPU.ActiveCfg = Release|Any CPU
		{DB93BF2D-D0BD-4C12-BA0F-0CB22CE12616}.Release|Any CPU.Build.0 = Release|Any CPU
		{292F11E3-5B25-4367-953C-2D4BB7FF0ADB}.Debug|Any CPU.ActiveCfg = Debug|Any CPU
		{292F11E3-5B25-4367-953C-2D4BB7FF0ADB}.Debug|Any CPU.Build.0 = Debug|Any CPU
		{292F11E3-5B25-4367-953C-2D4BB7FF0ADB}.Release|Any CPU.ActiveCfg = Release|Any CPU
		{292F11E3-5B25-4367-953C-2D4BB7FF0ADB}.Release|Any CPU.Build.0 = Release|Any CPU
	EndGlobalSection
	GlobalSection(SolutionProperties) = preSolution
		HideSolutionNode = FALSE
	EndGlobalSection
	GlobalSection(NestedProjects) = preSolution
		{8F8B7660-6628-4182-A8BB-17AEB69E1D1C} = {488C45E6-CD8B-408A-86B3-26F0298B4758}
		{10EC2EA4-DCDE-4BE5-8141-3EFAFD6FE832} = {488C45E6-CD8B-408A-86B3-26F0298B4758}
		{DB93BF2D-D0BD-4C12-BA0F-0CB22CE12616} = {B54B61C1-F4C6-443E-AB37-D3579187CCA9}
	EndGlobalSection
	GlobalSection(ExtensibilityGlobals) = postSolution
		SolutionGuid = {D4408415-E720-4C6C-A902-EBFE154F0D0F}
	EndGlobalSection
EndGlobal
